Microsoft Visual Studio Solution File, Format Version 12.00
# Visual Studio Version 16
VisualStudioVersion = 16.0.0.0
MinimumVisualStudioVersion = 16.0.0.0
Project("{9A19103F-16F7-4668-BE54-9A1E7A4F7556}") = "AuthenticationAndAuthorization", "AuthenticationAndAuthorization\AuthenticationAndAuthorization.csproj", "{0168A81C-6C63-425C-8F82-47C3BF4FF953}"
EndProject
Project("{9A19103F-16F7-4668-BE54-9A1E7A4F7556}") = "AuthenticationAndAuthorization.Client", "AuthenticationAndAuthorization.Client\AuthenticationAndAuthorization.Client.csproj", "{1E6242AE-8675-4FE5-AE4E-6F7D895C8860}"
EndProject
Global
	GlobalSection(SolutionConfigurationPlatforms) = preSolution
		Debug|Any CPU = Debug|Any CPU
		Debug|x64 = Debug|x64
		Debug|x86 = Debug|x86
		Release|Any CPU = Release|Any CPU
		Release|x64 = Release|x64
		Release|x86 = Release|x86
	EndGlobalSection
	GlobalSection(ProjectConfigurationPlatforms) = postSolution
		{1E6242AE-8675-4FE5-AE4E-6F7D895C8860}.Debug|Any CPU.ActiveCfg = Debug|Any CPU
		{1E6242AE-8675-4FE5-AE4E-6F7D895C8860}.Debug|Any CPU.Build.0 = Debug|Any CPU
		{1E6242AE-8675-4FE5-AE4E-6F7D895C8860}.Debug|x64.ActiveCfg = Debug|Any CPU
		{1E6242AE-8675-4FE5-AE4E-6F7D895C8860}.Debug|x64.Build.0 = Debug|Any CPU
		{1E6242AE-8675-4FE5-AE4E-6F7D895C8860}.Debug|x86.ActiveCfg = Debug|Any CPU
		{1E6242AE-8675-4FE5-AE4E-6F7D895C8860}.Debug|x86.Build.0 = Debug|Any CPU
		{1E6242AE-8675-4FE5-AE4E-6F7D895C8860}.Release|Any CPU.ActiveCfg = Release|Any CPU
		{1E6242AE-8675-4FE5-AE4E-6F7D895C8860}.Release|Any CPU.Build.0 = Release|Any CPU
		{1E6242AE-8675-4FE5-AE4E-6F7D895C8860}.Release|x64.ActiveCfg = Release|Any CPU
		{1E6242AE-8675-4FE5-AE4E-6F7D895C8860}.Release|x64.Build.0 = Release|Any CPU
		{1E6242AE-8675-4FE5-AE4E-6F7D895C8860}.Release|x86.ActiveCfg = Release|Any CPU
		{1E6242AE-8675-4FE5-AE4E-6F7D895C8860}.Release|x86.Build.0 = Release|Any CPU
		{0168A81C-6C63-425C-8F82-47C3BF4FF953}.Debug|Any CPU.ActiveCfg = Debug|Any CPU
		{0168A81C-6C63-425C-8F82-47C3BF4FF953}.Debug|Any CPU.Build.0 = Debug|Any CPU
		{0168A81C-6C63-425C-8F82-47C3BF4FF953}.Debug|x64.ActiveCfg = Debug|Any CPU
		{0168A81C-6C63-425C-8F82-47C3BF4FF953}.Debug|x64.Build.0 = Debug|Any CPU
		{0168A81C-6C63-425C-8F82-47C3BF4FF953}.Debug|x86.ActiveCfg = Debug|Any CPU
		{0168A81C-6C63-425C-8F82-47C3BF4FF953}.Debug|x86.Build.0 = Debug|Any CPU
		{0168A81C-6C63-425C-8F82-47C3BF4FF953}.Release|Any CPU.ActiveCfg = Release|Any CPU
		{0168A81C-6C63-425C-8F82-47C3BF4FF953}.Release|Any CPU.Build.0 = Release|Any CPU
		{0168A81C-6C63-425C-8F82-47C3BF4FF953}.Release|x64.ActiveCfg = Release|Any CPU
		{0168A81C-6C63-425C-8F82-47C3BF4FF953}.Release|x64.Build.0 = Release|Any CPU
		{0168A81C-6C63-425C-8F82-47C3BF4FF953}.Release|x86.ActiveCfg = Release|Any CPU
		{0168A81C-6C63-425C-8F82-47C3BF4FF953}.Release|x86.Build.0 = Release|Any CPU
	EndGlobalSection
	GlobalSection(SolutionProperties) = preSolution
		HideSolutionNode = FALSE
	EndGlobalSection
	GlobalSection(ExtensibilityGlobals) = postSolution
		SolutionGuid = {D72B8535-82B6-4BD4-B87A-DEEF314403D6}
	EndGlobalSection
EndGlobal
